
Microsoft Visual Studio Solution File, Format Version 12.00
# Visual Studio Version 17
VisualStudioVersion = 17.5.33530.505
MinimumVisualStudioVersion = 10.0.40219.1
Project("{9A19103F-16F7-4668-BE54-9A1E7A4F7556}") = "DirectoryHierarchy", "API\DirectoryHierarchy.csproj", "{6302136C-9108-4F19-8DB1-758B44075744}"
EndProject
Project("{FAE04EC0-301F-11D3-BF4B-00C04F79EFBC}") = "MVC", "MVC\MVC.csproj", "{B7E6BFCA-6016-460D-B104-4D9ABD565FDA}"
EndProject
Global
	GlobalSection(SolutionConfigurationPlatforms) = preSolution
		Debug|Any CPU = Debug|Any CPU
		Release|Any CPU = Release|Any CPU
	EndGlobalSection
	GlobalSection(ProjectConfigurationPlatforms) = postSolution
		{6302136C-9108-4F19-8DB1-758B44075744}.Debug|Any CPU.ActiveCfg = Debug|Any CPU
		{6302136C-9108-4F19-8DB1-758B44075744}.Debug|Any CPU.Build.0 = Debug|Any CPU
		{6302136C-9108-4F19-8DB1-758B44075744}.Release|Any CPU.ActiveCfg = Release|Any CPU
		{6302136C-9108-4F19-8DB1-758B44075744}.Release|Any CPU.Build.0 = Release|Any CPU
		{B7E6BFCA-6016-460D-B104-4D9ABD565FDA}.Debug|Any CPU.ActiveCfg = Debug|Any CPU
		{B7E6BFCA-6016-460D-B104-4D9ABD565FDA}.Debug|Any CPU.Build.0 = Debug|Any CPU
		{B7E6BFCA-6016-460D-B104-4D9ABD565FDA}.Release|Any CPU.ActiveCfg = Release|Any CPU
		{B7E6BFCA-6016-460D-B104-4D9ABD565FDA}.Release|Any CPU.Build.0 = Release|Any CPU
	EndGlobalSection
	GlobalSection(SolutionProperties) = preSolution
		HideSolutionNode = FALSE
	EndGlobalSection
	GlobalSection(ExtensibilityGlobals) = postSolution
		SolutionGuid = {22574EEE-9AD6-43D0-A52D-A78AC2ECC361}
	EndGlobalSection
EndGlobal
